
Microsoft Visual Studio Solution File, Format Version 12.00
# Visual Studio Version 17
VisualStudioVersion = 17.1.32421.90
MinimumVisualStudioVersion = 10.0.40219.1
Project("{FAE04EC0-301F-11D3-BF4B-00C04F79EFBC}") = "csharp-basico", "csharp-basico\csharp-basico.csproj", "{361B96C4-326D-4BE4-B82A-8FEF5C9FD225}"
EndProject
Global
	GlobalSection(SolutionConfigurationPlatforms) = preSolution
		Debug|Any CPU = Debug|Any CPU
		Release|Any CPU = Release|Any CPU
	EndGlobalSection
	GlobalSection(ProjectConfigurationPlatforms) = postSolution
		{361B96C4-326D-4BE4-B82A-8FEF5C9FD225}.Debug|Any CPU.ActiveCfg = Debug|Any CPU
		{361B96C4-326D-4BE4-B82A-8FEF5C9FD225}.Debug|Any CPU.Build.0 = Debug|Any CPU
		{361B96C4-326D-4BE4-B82A-8FEF5C9FD225}.Release|Any CPU.ActiveCfg = Release|Any CPU
		{361B96C4-326D-4BE4-B82A-8FEF5C9FD225}.Release|Any CPU.Build.0 = Release|Any CPU
	EndGlobalSection
	GlobalSection(SolutionProperties) = preSolution
		HideSolutionNode = FALSE
	EndGlobalSection
	GlobalSection(ExtensibilityGlobals) = postSolution
		SolutionGuid = {42B9EC0F-0AC5-4634-A8CD-6CFF5CF4211A}
	EndGlobalSection
EndGlobal
